// !$*UTF8*$!
{
	archiveVersion = 1;
	classes = {
	};
	objectVersion = 55;
	objects = {

/* Begin PBXBuildFile section */
		5E6E1C102726B4DF0054BC5F /* AppDelegate.swift in Sources */ = {isa = PBXBuildFile; fileRef = 5E6E1C0F2726B4DF0054BC5F /* AppDelegate.swift */; };
		5E6E1C122726B4DF0054BC5F /* SceneDelegate.swift in Sources */ = {isa = PBXBuildFile; fileRef = 5E6E1C112726B4DF0054BC5F /* SceneDelegate.swift */; };
		5E6E1C172726B4DF0054BC5F /* Main.storyboard in Resources */ = {isa = PBXBuildFile; fileRef = 5E6E1C152726B4DF0054BC5F /* Main.storyboard */; };
		5E6E1C192726B4E10054BC5F /* Assets.xcassets in Resources */ = {isa = PBXBuildFile; fileRef = 5E6E1C182726B4E10054BC5F /* Assets.xcassets */; };
		5E6E1C1C2726B4E10054BC5F /* LaunchScreen.storyboard in Resources */ = {isa = PBXBuildFile; fileRef = 5E6E1C1A2726B4E10054BC5F /* LaunchScreen.storyboard */; };
		5E6E1C272726B4E10054BC5F /* SecondChanceTests.swift in Sources */ = {isa = PBXBuildFile; fileRef = 5E6E1C262726B4E10054BC5F /* SecondChanceTests.swift */; };
		5E6E1C312726B4E10054BC5F /* SecondChanceUITests.swift in Sources */ = {isa = PBXBuildFile; fileRef = 5E6E1C302726B4E10054BC5F /* SecondChanceUITests.swift */; };
		5E6E1C332726B4E10054BC5F /* SecondChanceUITestsLaunchTests.swift in Sources */ = {isa = PBXBuildFile; fileRef = 5E6E1C322726B4E10054BC5F /* SecondChanceUITestsLaunchTests.swift */; };
		5E6E1C412726B5200054BC5F /* LoginViewController.swift in Sources */ = {isa = PBXBuildFile; fileRef = 5E6E1C402726B5200054BC5F /* LoginViewController.swift */; };
		5E9A7B8E2726E93500D7E426 /* MainTableViewCell.swift in Sources */ = {isa = PBXBuildFile; fileRef = 5E9A7B8C2726E93500D7E426 /* MainTableViewCell.swift */; };
		5E9A7B8F2726E93500D7E426 /* MainTableViewCell.xib in Resources */ = {isa = PBXBuildFile; fileRef = 5E9A7B8D2726E93500D7E426 /* MainTableViewCell.xib */; };
		5E9A7B912726E99D00D7E426 /* FriendsViewController.swift in Sources */ = {isa = PBXBuildFile; fileRef = 5E9A7B902726E99D00D7E426 /* FriendsViewController.swift */; };
		5E9A7B942726F4D500D7E426 /* MainCollectionViewCell.swift in Sources */ = {isa = PBXBuildFile; fileRef = 5E9A7B922726F4D500D7E426 /* MainCollectionViewCell.swift */; };
		5E9A7B952726F4D500D7E426 /* MainCollectionViewCell.xib in Resources */ = {isa = PBXBuildFile; fileRef = 5E9A7B932726F4D500D7E426 /* MainCollectionViewCell.xib */; };
		5E9A7B972726F63E00D7E426 /* ProfileViewController.swift in Sources */ = {isa = PBXBuildFile; fileRef = 5E9A7B962726F63E00D7E426 /* ProfileViewController.swift */; };
		5E9A7B9A2726FAE700D7E426 /* Person.swift in Sources */ = {isa = PBXBuildFile; fileRef = 5E9A7B992726FAE700D7E426 /* Person.swift */; };
		5E9A7B9C272752B000D7E426 /* Group.swift in Sources */ = {isa = PBXBuildFile; fileRef = 5E9A7B9B272752B000D7E426 /* Group.swift */; };
		5E9A7B9E2727530F00D7E426 /* GroupsViewController.swift in Sources */ = {isa = PBXBuildFile; fileRef = 5E9A7B9D2727530F00D7E426 /* GroupsViewController.swift */; };
		5EE117AB2727F0F700095744 /* AllFriendsViewController.swift in Sources */ = {isa = PBXBuildFile; fileRef = 5EE117AA2727F0F700095744 /* AllFriendsViewController.swift */; };
		5EE117AD2727F3F200095744 /* AllGroupsViewController.swift in Sources */ = {isa = PBXBuildFile; fileRef = 5EE117AC2727F3F200095744 /* AllGroupsViewController.swift */; };
/* End PBXBuildFile section */

/* Begin PBXContainerItemProxy section */
		5E6E1C232726B4E10054BC5F /* PBXContainerItemProxy */ = {
			isa = PBXContainerItemProxy;
			containerPortal = 5E6E1C042726B4DF0054BC5F /* Project object */;
			proxyType = 1;
			remoteGlobalIDString = 5E6E1C0B2726B4DF0054BC5F;
			remoteInfo = SecondChance;
		};
		5E6E1C2D2726B4E10054BC5F /* PBXContainerItemProxy */ = {
			isa = PBXContainerItemProxy;
			containerPortal = 5E6E1C042726B4DF0054BC5F /* Project object */;
			proxyType = 1;
			remoteGlobalIDString = 5E6E1C0B2726B4DF0054BC5F;
			remoteInfo = SecondChance;
		};
/* End PBXContainerItemProxy section */

/* Begin PBXFileReference section */
		5E6E1C0C2726B4DF0054BC5F /* SecondChance.app */ = {isa = PBXFileReference; explicitFileType = wrapper.application; includeInIndex = 0; path = SecondChance.app; sourceTree = BUILT_PRODUCTS_DIR; };
		5E6E1C0F2726B4DF0054BC5F /* AppDelegate.swift */ = {isa = PBXFileReference; lastKnownFileType = sourcecode.swift; path = AppDelegate.swift; sourceTree = "<group>"; };
		5E6E1C112726B4DF0054BC5F /* SceneDelegate.swift */ = {isa = PBXFileReference; lastKnownFileType = sourcecode.swift; path = SceneDelegate.swift; sourceTree = "<group>"; };
		5E6E1C162726B4DF0054BC5F /* Base */ = {isa = PBXFileReference; lastKnownFileType = file.storyboard; name = Base; path = Base.lproj/Main.storyboard; sourceTree = "<group>"; };
		5E6E1C182726B4E10054BC5F /* Assets.xcassets */ = {isa = PBXFileReference; lastKnownFileType = folder.assetcatalog; path = Assets.xcassets; sourceTree = "<group>"; };
		5E6E1C1B2726B4E10054BC5F /* Base */ = {isa = PBXFileReference; lastKnownFileType = file.storyboard; name = Base; path = Base.lproj/LaunchScreen.storyboard; sourceTree = "<group>"; };
		5E6E1C1D2726B4E10054BC5F /* Info.plist */ = {isa = PBXFileReference; lastKnownFileType = text.plist.xml; path = Info.plist; sourceTree = "<group>"; };
		5E6E1C222726B4E10054BC5F /* SecondChanceTests.xctest */ = {isa = PBXFileReference; explicitFileType = wrapper.cfbundle; includeInIndex = 0; path = SecondChanceTests.xctest; sourceTree = BUILT_PRODUCTS_DIR; };
		5E6E1C262726B4E10054BC5F /* SecondChanceTests.swift */ = {isa = PBXFileReference; lastKnownFileType = sourcecode.swift; path = SecondChanceTests.swift; sourceTree = "<group>"; };
		5E6E1C2C2726B4E10054BC5F /* SecondChanceUITests.xctest */ = {isa = PBXFileReference; explicitFileType = wrapper.cfbundle; includeInIndex = 0; path = SecondChanceUITests.xctest; sourceTree = BUILT_PRODUCTS_DIR; };
		5E6E1C302726B4E10054BC5F /* SecondChanceUITests.swift */ = {isa = PBXFileReference; lastKnownFileType = sourcecode.swift; path = SecondChanceUITests.swift; sourceTree = "<group>"; };
		5E6E1C322726B4E10054BC5F /* SecondChanceUITestsLaunchTests.swift */ = {isa = PBXFileReference; lastKnownFileType = sourcecode.swift; path = SecondChanceUITestsLaunchTests.swift; sourceTree = "<group>"; };
		5E6E1C402726B5200054BC5F /* LoginViewController.swift */ = {isa = PBXFileReference; lastKnownFileType = sourcecode.swift; path = LoginViewController.swift; sourceTree = "<group>"; };
		5E9A7B8C2726E93500D7E426 /* MainTableViewCell.swift */ = {isa = PBXFileReference; lastKnownFileType = sourcecode.swift; path = MainTableViewCell.swift; sourceTree = "<group>"; };
		5E9A7B8D2726E93500D7E426 /* MainTableViewCell.xib */ = {isa = PBXFileReference; lastKnownFileType = file.xib; path = MainTableViewCell.xib; sourceTree = "<group>"; };
		5E9A7B902726E99D00D7E426 /* FriendsViewController.swift */ = {isa = PBXFileReference; lastKnownFileType = sourcecode.swift; path = FriendsViewController.swift; sourceTree = "<group>"; };
		5E9A7B922726F4D500D7E426 /* MainCollectionViewCell.swift */ = {isa = PBXFileReference; lastKnownFileType = sourcecode.swift; path = MainCollectionViewCell.swift; sourceTree = "<group>"; };
		5E9A7B932726F4D500D7E426 /* MainCollectionViewCell.xib */ = {isa = PBXFileReference; lastKnownFileType = file.xib; path = MainCollectionViewCell.xib; sourceTree = "<group>"; };
		5E9A7B962726F63E00D7E426 /* ProfileViewController.swift */ = {isa = PBXFileReference; lastKnownFileType = sourcecode.swift; path = ProfileViewController.swift; sourceTree = "<group>"; };
		5E9A7B992726FAE700D7E426 /* Person.swift */ = {isa = PBXFileReference; lastKnownFileType = sourcecode.swift; path = Person.swift; sourceTree = "<group>"; };
		5E9A7B9B272752B000D7E426 /* Group.swift */ = {isa = PBXFileReference; lastKnownFileType = sourcecode.swift; path = Group.swift; sourceTree = "<group>"; };
		5E9A7B9D2727530F00D7E426 /* GroupsViewController.swift */ = {isa = PBXFileReference; lastKnownFileType = sourcecode.swift; path = GroupsViewController.swift; sourceTree = "<group>"; };
		5EE117AA2727F0F700095744 /* AllFriendsViewController.swift */ = {isa = PBXFileReference; lastKnownFileType = sourcecode.swift; path = AllFriendsViewController.swift; sourceTree = "<group>"; };
		5EE117AC2727F3F200095744 /* AllGroupsViewController.swift */ = {isa = PBXFileReference; lastKnownFileType = sourcecode.swift; path = AllGroupsViewController.swift; sourceTree = "<group>"; };
/* End PBXFileReference section */

/* Begin PBXFrameworksBuildPhase section */
		5E6E1C092726B4DF0054BC5F /* Frameworks */ = {
			isa = PBXFrameworksBuildPhase;
			buildActionMask = 2147483647;
			files = (
			);
			runOnlyForDeploymentPostprocessing = 0;
		};
		5E6E1C1F2726B4E10054BC5F /* Frameworks */ = {
			isa = PBXFrameworksBuildPhase;
			buildActionMask = 2147483647;
			files = (
			);
			runOnlyForDeploymentPostprocessing = 0;
		};
		5E6E1C292726B4E10054BC5F /* Frameworks */ = {
			isa = PBXFrameworksBuildPhase;
			buildActionMask = 2147483647;
			files = (
			);
			runOnlyForDeploymentPostprocessing = 0;
		};
/* End PBXFrameworksBuildPhase section */

/* Begin PBXGroup section */
		5E6E1C032726B4DF0054BC5F = {
			isa = PBXGroup;
			children = (
				5E9A7B982726FAD100D7E426 /* models */,
				5E9A7B8B2726E8FE00D7E426 /* cells */,
				5E6E1C3F2726B5040054BC5F /* controllers */,
				5E6E1C0E2726B4DF0054BC5F /* SecondChance */,
				5E6E1C252726B4E10054BC5F /* SecondChanceTests */,
				5E6E1C2F2726B4E10054BC5F /* SecondChanceUITests */,
				5E6E1C0D2726B4DF0054BC5F /* Products */,
			);
			sourceTree = "<group>";
		};
		5E6E1C0D2726B4DF0054BC5F /* Products */ = {
			isa = PBXGroup;
			children = (
				5E6E1C0C2726B4DF0054BC5F /* SecondChance.app */,
				5E6E1C222726B4E10054BC5F /* SecondChanceTests.xctest */,
				5E6E1C2C2726B4E10054BC5F /* SecondChanceUITests.xctest */,
			);
			name = Products;
			sourceTree = "<group>";
		};
		5E6E1C0E2726B4DF0054BC5F /* SecondChance */ = {
			isa = PBXGroup;
			children = (
				5E6E1C0F2726B4DF0054BC5F /* AppDelegate.swift */,
				5E6E1C112726B4DF0054BC5F /* SceneDelegate.swift */,
				5E6E1C152726B4DF0054BC5F /* Main.storyboard */,
				5E6E1C182726B4E10054BC5F /* Assets.xcassets */,
				5E6E1C1A2726B4E10054BC5F /* LaunchScreen.storyboard */,
				5E6E1C1D2726B4E10054BC5F /* Info.plist */,
			);
			path = SecondChance;
			sourceTree = "<group>";
		};
		5E6E1C252726B4E10054BC5F /* SecondChanceTests */ = {
			isa = PBXGroup;
			children = (
				5E6E1C262726B4E10054BC5F /* SecondChanceTests.swift */,
			);
			path = SecondChanceTests;
			sourceTree = "<group>";
		};
		5E6E1C2F2726B4E10054BC5F /* SecondChanceUITests */ = {
			isa = PBXGroup;
			children = (
				5E6E1C302726B4E10054BC5F /* SecondChanceUITests.swift */,
				5E6E1C322726B4E10054BC5F /* SecondChanceUITestsLaunchTests.swift */,
			);
			path = SecondChanceUITests;
			sourceTree = "<group>";
		};
		5E6E1C3F2726B5040054BC5F /* controllers */ = {
			isa = PBXGroup;
			children = (
				5E6E1C402726B5200054BC5F /* LoginViewController.swift */,
				5E9A7B902726E99D00D7E426 /* FriendsViewController.swift */,
				5E9A7B962726F63E00D7E426 /* ProfileViewController.swift */,
				5E9A7B9D2727530F00D7E426 /* GroupsViewController.swift */,
				5EE117AA2727F0F700095744 /* AllFriendsViewController.swift */,
				5EE117AC2727F3F200095744 /* AllGroupsViewController.swift */,
			);
			path = controllers;
			sourceTree = "<group>";
		};
		5E9A7B8B2726E8FE00D7E426 /* cells */ = {
			isa = PBXGroup;
			children = (
				5E9A7B8C2726E93500D7E426 /* MainTableViewCell.swift */,
				5E9A7B8D2726E93500D7E426 /* MainTableViewCell.xib */,
				5E9A7B922726F4D500D7E426 /* MainCollectionViewCell.swift */,
				5E9A7B932726F4D500D7E426 /* MainCollectionViewCell.xib */,
			);
			path = cells;
			sourceTree = "<group>";
		};
		5E9A7B982726FAD100D7E426 /* models */ = {
			isa = PBXGroup;
			children = (
				5E9A7B992726FAE700D7E426 /* Person.swift */,
				5E9A7B9B272752B000D7E426 /* Group.swift */,
			);
			path = models;
			sourceTree = "<group>";
		};
/* End PBXGroup section */

/* Begin PBXNativeTarget section */
		5E6E1C0B2726B4DF0054BC5F /* SecondChance */ = {
			isa = PBXNativeTarget;
			buildConfigurationList = 5E6E1C362726B4E10054BC5F /* Build configuration list for PBXNativeTarget "SecondChance" */;
			buildPhases = (
				5E6E1C082726B4DF0054BC5F /* Sources */,
				5E6E1C092726B4DF0054BC5F /* Frameworks */,
				5E6E1C0A2726B4DF0054BC5F /* Resources */,
			);
			buildRules = (
			);
			dependencies = (
			);
			name = SecondChance;
			productName = SecondChance;
			productReference = 5E6E1C0C2726B4DF0054BC5F /* SecondChance.app */;
			productType = "com.apple.product-type.application";
		};
		5E6E1C212726B4E10054BC5F /* SecondChanceTests */ = {
			isa = PBXNativeTarget;
			buildConfigurationList = 5E6E1C392726B4E10054BC5F /* Build configuration list for PBXNativeTarget "SecondChanceTests" */;
			buildPhases = (
				5E6E1C1E2726B4E10054BC5F /* Sources */,
				5E6E1C1F2726B4E10054BC5F /* Frameworks */,
				5E6E1C202726B4E10054BC5F /* Resources */,
			);
			buildRules = (
			);
			dependencies = (
				5E6E1C242726B4E10054BC5F /* PBXTargetDependency */,
			);
			name = SecondChanceTests;
			productName = SecondChanceTests;
			productReference = 5E6E1C222726B4E10054BC5F /* SecondChanceTests.xctest */;
			productType = "com.apple.product-type.bundle.unit-test";
		};
		5E6E1C2B2726B4E10054BC5F /* SecondChanceUITests */ = {
			isa = PBXNativeTarget;
			buildConfigurationList = 5E6E1C3C2726B4E10054BC5F /* Build configuration list for PBXNativeTarget "SecondChanceUITests" */;
			buildPhases = (
				5E6E1C282726B4E10054BC5F /* Sources */,
				5E6E1C292726B4E10054BC5F /* Frameworks */,
				5E6E1C2A2726B4E10054BC5F /* Resources */,
			);
			buildRules = (
			);
			dependencies = (
				5E6E1C2E2726B4E10054BC5F /* PBXTargetDependency */,
			);
			name = SecondChanceUITests;
			productName = SecondChanceUITests;
			productReference = 5E6E1C2C2726B4E10054BC5F /* SecondChanceUITests.xctest */;
			productType = "com.apple.product-type.bundle.ui-testing";
		};
/* End PBXNativeTarget section */

/* Begin PBXProject section */
		5E6E1C042726B4DF0054BC5F /* Project object */ = {
			isa = PBXProject;
			attributes = {
				BuildIndependentTargetsInParallel = 1;
				LastSwiftUpdateCheck = 1300;
				LastUpgradeCheck = 1300;
				TargetAttributes = {
					5E6E1C0B2726B4DF0054BC5F = {
						CreatedOnToolsVersion = 13.0;
					};
					5E6E1C212726B4E10054BC5F = {
						CreatedOnToolsVersion = 13.0;
						TestTargetID = 5E6E1C0B2726B4DF0054BC5F;
					};
					5E6E1C2B2726B4E10054BC5F = {
						CreatedOnToolsVersion = 13.0;
						TestTargetID = 5E6E1C0B2726B4DF0054BC5F;
					};
				};
			};
			buildConfigurationList = 5E6E1C072726B4DF0054BC5F /* Build configuration list for PBXProject "SecondChance" */;
			compatibilityVersion = "Xcode 13.0";
			developmentRegion = en;
			hasScannedForEncodings = 0;
			knownRegions = (
				en,
				Base,
			);
			mainGroup = 5E6E1C032726B4DF0054BC5F;
			productRefGroup = 5E6E1C0D2726B4DF0054BC5F /* Products */;
			projectDirPath = "";
			projectRoot = "";
			targets = (
				5E6E1C0B2726B4DF0054BC5F /* SecondChance */,
				5E6E1C212726B4E10054BC5F /* SecondChanceTests */,
				5E6E1C2B2726B4E10054BC5F /* SecondChanceUITests */,
			);
		};
/* End PBXProject section */

/* Begin PBXResourcesBuildPhase section */
		5E6E1C0A2726B4DF0054BC5F /* Resources */ = {
			isa = PBXResourcesBuildPhase;
			buildActionMask = 2147483647;
			files = (
				5E6E1C1C2726B4E10054BC5F /* LaunchScreen.storyboard in Resources */,
				5E6E1C192726B4E10054BC5F /* Assets.xcassets in Resources */,
				5E9A7B8F2726E93500D7E426 /* MainTableViewCell.xib in Resources */,
				5E9A7B952726F4D500D7E426 /* MainCollectionViewCell.xib in Resources */,
				5E6E1C172726B4DF0054BC5F /* Main.storyboard in Resources */,
			);
			runOnlyForDeploymentPostprocessing = 0;
		};
		5E6E1C202726B4E10054BC5F /* Resources */ = {
			isa = PBXResourcesBuildPhase;
			buildActionMask = 2147483647;
			files = (
			);
			runOnlyForDeploymentPostprocessing = 0;
		};
		5E6E1C2A2726B4E10054BC5F /* Resources */ = {
			isa = PBXResourcesBuildPhase;
			buildActionMask = 2147483647;
			files = (
			);
			runOnlyForDeploymentPostprocessing = 0;
		};
/* End PBXResourcesBuildPhase section */

/* Begin PBXSourcesBuildPhase section */
		5E6E1C082726B4DF0054BC5F /* Sources */ = {
			isa = PBXSourcesBuildPhase;
			buildActionMask = 2147483647;
			files = (
				5E9A7B9C272752B000D7E426 /* Group.swift in Sources */,
				5EE117AB2727F0F700095744 /* AllFriendsViewController.swift in Sources */,
				5E6E1C412726B5200054BC5F /* LoginViewController.swift in Sources */,
				5E9A7B942726F4D500D7E426 /* MainCollectionViewCell.swift in Sources */,
				5EE117AD2727F3F200095744 /* AllGroupsViewController.swift in Sources */,
				5E9A7B912726E99D00D7E426 /* FriendsViewController.swift in Sources */,
				5E9A7B9E2727530F00D7E426 /* GroupsViewController.swift in Sources */,
				5E6E1C102726B4DF0054BC5F /* AppDelegate.swift in Sources */,
				5E9A7B972726F63E00D7E426 /* ProfileViewController.swift in Sources */,
				5E9A7B8E2726E93500D7E426 /* MainTableViewCell.swift in Sources */,
				5E9A7B9A2726FAE700D7E426 /* Person.swift in Sources */,
				5E6E1C122726B4DF0054BC5F /* SceneDelegate.swift in Sources */,
			);
			runOnlyForDeploymentPostprocessing = 0;
		};
		5E6E1C1E2726B4E10054BC5F /* Sources */ = {
			isa = PBXSourcesBuildPhase;
			buildActionMask = 2147483647;
			files = (
				5E6E1C272726B4E10054BC5F /* SecondChanceTests.swift in Sources */,
			);
			runOnlyForDeploymentPostprocessing = 0;
		};
		5E6E1C282726B4E10054BC5F /* Sources */ = {
			isa = PBXSourcesBuildPhase;
			buildActionMask = 2147483647;
			files = (
				5E6E1C332726B4E10054BC5F /* SecondChanceUITestsLaunchTests.swift in Sources */,
				5E6E1C312726B4E10054BC5F /* SecondChanceUITests.swift in Sources */,
			);
			runOnlyForDeploymentPostprocessing = 0;
		};
/* End PBXSourcesBuildPhase section */

/* Begin PBXTargetDependency section */
		5E6E1C242726B4E10054BC5F /* PBXTargetDependency */ = {
			isa = PBXTargetDependency;
			target = 5E6E1C0B2726B4DF0054BC5F /* SecondChance */;
			targetProxy = 5E6E1C232726B4E10054BC5F /* PBXContainerItemProxy */;
		};
		5E6E1C2E2726B4E10054BC5F /* PBXTargetDependency */ = {
			isa = PBXTargetDependency;
			target = 5E6E1C0B2726B4DF0054BC5F /* SecondChance */;
			targetProxy = 5E6E1C2D2726B4E10054BC5F /* PBXContainerItemProxy */;
		};
/* End PBXTargetDependency section */

/* Begin PBXVariantGroup section */
		5E6E1C152726B4DF0054BC5F /* Main.storyboard */ = {
			isa = PBXVariantGroup;
			children = (
				5E6E1C162726B4DF0054BC5F /* Base */,
			);
			name = Main.storyboard;
			sourceTree = "<group>";
		};
		5E6E1C1A2726B4E10054BC5F /* LaunchScreen.storyboard */ = {
			isa = PBXVariantGroup;
			children = (
				5E6E1C1B2726B4E10054BC5F /* Base */,
			);
			name = LaunchScreen.storyboard;
			sourceTree = "<group>";
		};
/* End PBXVariantGroup section */

/* Begin XCBuildConfiguration section */
		5E6E1C342726B4E10054BC5F /* Debug */ = {
			isa = XCBuildConfiguration;
			buildSettings = {
				ALWAYS_SEARCH_USER_PATHS = NO;
				CLANG_ANALYZER_NONNULL = YES;
				CLANG_ANALYZER_NUMBER_OBJECT_CONVERSION = YES_AGGRESSIVE;
				CLANG_CXX_LANGUAGE_STANDARD = "gnu++17";
				CLANG_CXX_LIBRARY = "libc++";
				CLANG_ENABLE_MODULES = YES;
				CLANG_ENABLE_OBJC_ARC = YES;
				CLANG_ENABLE_OBJC_WEAK = YES;
				CLANG_WARN_BLOCK_CAPTURE_AUTORELEASING = YES;
				CLANG_WARN_BOOL_CONVERSION = YES;
				CLANG_WARN_COMMA = YES;
				CLANG_WARN_CONSTANT_CONVERSION = YES;
				CLANG_WARN_DEPRECATED_OBJC_IMPLEMENTATIONS = YES;
				CLANG_WARN_DIRECT_OBJC_ISA_USAGE = YES_ERROR;
				CLANG_WARN_DOCUMENTATION_COMMENTS = YES;
				CLANG_WARN_EMPTY_BODY = YES;
				CLANG_WARN_ENUM_CONVERSION = YES;
				CLANG_WARN_INFINITE_RECURSION = YES;
				CLANG_WARN_INT_CONVERSION = YES;
				CLANG_WARN_NON_LITERAL_NULL_CONVERSION = YES;
				CLANG_WARN_OBJC_IMPLICIT_RETAIN_SELF = YES;
				CLANG_WARN_OBJC_LITERAL_CONVERSION = YES;
				CLANG_WARN_OBJC_ROOT_CLASS = YES_ERROR;
				CLANG_WARN_QUOTED_INCLUDE_IN_FRAMEWORK_HEADER = YES;
				CLANG_WARN_RANGE_LOOP_ANALYSIS = YES;
				CLANG_WARN_STRICT_PROTOTYPES = YES;
				CLANG_WARN_SUSPICIOUS_MOVE = YES;
				CLANG_WARN_UNGUARDED_AVAILABILITY = YES_AGGRESSIVE;
				CLANG_WARN_UNREACHABLE_CODE = YES;
				CLANG_WARN__DUPLICATE_METHOD_MATCH = YES;
				COPY_PHASE_STRIP = NO;
				DEBUG_INFORMATION_FORMAT = dwarf;
				ENABLE_STRICT_OBJC_MSGSEND = YES;
				ENABLE_TESTABILITY = YES;
				GCC_C_LANGUAGE_STANDARD = gnu11;
				GCC_DYNAMIC_NO_PIC = NO;
				GCC_NO_COMMON_BLOCKS = YES;
				GCC_OPTIMIZATION_LEVEL = 0;
				GCC_PREPROCESSOR_DEFINITIONS = (
					"DEBUG=1",
					"$(inherited)",
				);
				GCC_WARN_64_TO_32_BIT_CONVERSION = YES;
				GCC_WARN_ABOUT_RETURN_TYPE = YES_ERROR;
				GCC_WARN_UNDECLARED_SELECTOR = YES;
				GCC_WARN_UNINITIALIZED_AUTOS = YES_AGGRESSIVE;
				GCC_WARN_UNUSED_FUNCTION = YES;
				GCC_WARN_UNUSED_VARIABLE = YES;
				IPHONEOS_DEPLOYMENT_TARGET = 15.0;
				MTL_ENABLE_DEBUG_INFO = INCLUDE_SOURCE;
				MTL_FAST_MATH = YES;
				ONLY_ACTIVE_ARCH = YES;
				SDKROOT = iphoneos;
				SWIFT_ACTIVE_COMPILATION_CONDITIONS = DEBUG;
				SWIFT_OPTIMIZATION_LEVEL = "-Onone";
			};
			name = Debug;
		};
		5E6E1C352726B4E10054BC5F /* Release */ = {
			isa = XCBuildConfiguration;
			buildSettings = {
				ALWAYS_SEARCH_USER_PATHS = NO;
				CLANG_ANALYZER_NONNULL = YES;
				CLANG_ANALYZER_NUMBER_OBJECT_CONVERSION = YES_AGGRESSIVE;
				CLANG_CXX_LANGUAGE_STANDARD = "gnu++17";
				CLANG_CXX_LIBRARY = "libc++";
				CLANG_ENABLE_MODULES = YES;
				CLANG_ENABLE_OBJC_ARC = YES;
				CLANG_ENABLE_OBJC_WEAK = YES;
				CLANG_WARN_BLOCK_CAPTURE_AUTORELEASING = YES;
				CLANG_WARN_BOOL_CONVERSION = YES;
				CLANG_WARN_COMMA = YES;
				CLANG_WARN_CONSTANT_CONVERSION = YES;
				CLANG_WARN_DEPRECATED_OBJC_IMPLEMENTATIONS = YES;
				CLANG_WARN_DIRECT_OBJC_ISA_USAGE = YES_ERROR;
				CLANG_WARN_DOCUMENTATION_COMMENTS = YES;
				CLANG_WARN_EMPTY_BODY = YES;
				CLANG_WARN_ENUM_CONVERSION = YES;
				CLANG_WARN_INFINITE_RECURSION = YES;
				CLANG_WARN_INT_CONVERSION = YES;
				CLANG_WARN_NON_LITERAL_NULL_CONVERSION = YES;
				CLANG_WARN_OBJC_IMPLICIT_RETAIN_SELF = YES;
				CLANG_WARN_OBJC_LITERAL_CONVERSION = YES;
				CLANG_WARN_OBJC_ROOT_CLASS = YES_ERROR;
				CLANG_WARN_QUOTED_INCLUDE_IN_FRAMEWORK_HEADER = YES;
				CLANG_WARN_RANGE_LOOP_ANALYSIS = YES;
				CLANG_WARN_STRICT_PROTOTYPES = YES;
				CLANG_WARN_SUSPICIOUS_MOVE = YES;
				CLANG_WARN_UNGUARDED_AVAILABILITY = YES_AGGRESSIVE;
				CLANG_WARN_UNREACHABLE_CODE = YES;
				CLANG_WARN__DUPLICATE_METHOD_MATCH = YES;
				COPY_PHASE_STRIP = NO;
				DEBUG_INFORMATION_FORMAT = "dwarf-with-dsym";
				ENABLE_NS_ASSERTIONS = NO;
				ENABLE_STRICT_OBJC_MSGSEND = YES;
				GCC_C_LANGUAGE_STANDARD = gnu11;
				GCC_NO_COMMON_BLOCKS = YES;
				GCC_WARN_64_TO_32_BIT_CONVERSION = YES;
				GCC_WARN_ABOUT_RETURN_TYPE = YES_ERROR;
				GCC_WARN_UNDECLARED_SELECTOR = YES;
				GCC_WARN_UNINITIALIZED_AUTOS = YES_AGGRESSIVE;
				GCC_WARN_UNUSED_FUNCTION = YES;
				GCC_WARN_UNUSED_VARIABLE = YES;
				IPHONEOS_DEPLOYMENT_TARGET = 15.0;
				MTL_ENABLE_DEBUG_INFO = NO;
				MTL_FAST_MATH = YES;
				SDKROOT = iphoneos;
				SWIFT_COMPILATION_MODE = wholemodule;
				SWIFT_OPTIMIZATION_LEVEL = "-O";
				VALIDATE_PRODUCT = YES;
			};
			name = Release;
		};
		5E6E1C372726B4E10054BC5F /* Debug */ = {
			isa = XCBuildConfiguration;
			buildSettings = {
				ASSETCATALOG_COMPILER_APPICON_NAME = AppIcon;
				ASSETCATALOG_COMPILER_GLOBAL_ACCENT_COLOR_NAME = AccentColor;
				CODE_SIGN_STYLE = Automatic;
				CURRENT_PROJECT_VERSION = 1;
				DEVELOPMENT_TEAM = P8PTYAUXAW;
				GENERATE_INFOPLIST_FILE = YES;
				INFOPLIST_FILE = SecondChance/Info.plist;
				INFOPLIST_KEY_UIApplicationSupportsIndirectInputEvents = YES;
				INFOPLIST_KEY_UILaunchStoryboardName = LaunchScreen;
				INFOPLIST_KEY_UIMainStoryboardFile = Main;
				INFOPLIST_KEY_UISupportedInterfaceOrientations_iPad = "UIInterfaceOrientationPortrait UIInterfaceOrientationPortraitUpsideDown UIInterfaceOrientationLandscapeLeft UIInterfaceOrientationLandscapeRight";
				INFOPLIST_KEY_UISupportedInterfaceOrientations_iPhone = "UIInterfaceOrientationPortrait UIInterfaceOrientationLandscapeLeft UIInterfaceOrientationLandscapeRight";
				LD_RUNPATH_SEARCH_PATHS = (
					"$(inherited)",
					"@executable_path/Frameworks",
				);
				MARKETING_VERSION = 1.0;
				PRODUCT_BUNDLE_IDENTIFIER = Overall.SecondChance;
				PRODUCT_NAME = "$(TARGET_NAME)";
				SWIFT_EMIT_LOC_STRINGS = YES;
				SWIFT_VERSION = 5.0;
				TARGETED_DEVICE_FAMILY = "1,2";
			};
			name = Debug;
		};
		5E6E1C382726B4E10054BC5F /* Release */ = {
			isa = XCBuildConfiguration;
			buildSettings = {
				ASSETCATALOG_COMPILER_APPICON_NAME = AppIcon;
				ASSETCATALOG_COMPILER_GLOBAL_ACCENT_COLOR_NAME = AccentColor;
				CODE_SIGN_STYLE = Automatic;
				CURRENT_PROJECT_VERSION = 1;
				DEVELOPMENT_TEAM = P8PTYAUXAW;
				GENERATE_INFOPLIST_FILE = YES;
				INFOPLIST_FILE = SecondChance/Info.plist;
				INFOPLIST_KEY_UIApplicationSupportsIndirectInputEvents = YES;
				INFOPLIST_KEY_UILaunchStoryboardName = LaunchScreen;
				INFOPLIST_KEY_UIMainStoryboardFile = Main;
				INFOPLIST_KEY_UISupportedInterfaceOrientations_iPad = "UIInterfaceOrientationPortrait UIInterfaceOrientationPortraitUpsideDown UIInterfaceOrientationLandscapeLeft UIInterfaceOrientationLandscapeRight";
				INFOPLIST_KEY_UISupportedInterfaceOrientations_iPhone = "UIInterfaceOrientationPortrait UIInterfaceOrientationLandscapeLeft UIInterfaceOrientationLandscapeRight";
				LD_RUNPATH_SEARCH_PATHS = (
					"$(inherited)",
					"@executable_path/Frameworks",
				);
				MARKETING_VERSION = 1.0;
				PRODUCT_BUNDLE_IDENTIFIER = Overall.SecondChance;
				PRODUCT_NAME = "$(TARGET_NAME)";
				SWIFT_EMIT_LOC_STRINGS = YES;
				SWIFT_VERSION = 5.0;
				TARGETED_DEVICE_FAMILY = "1,2";
			};
			name = Release;
		};
		5E6E1C3A2726B4E10054BC5F /* Debug */ = {
			isa = XCBuildConfiguration;
			buildSettings = {
				ALWAYS_EMBED_SWIFT_STANDARD_LIBRARIES = YES;
				BUNDLE_LOADER = "$(TEST_HOST)";
				CODE_SIGN_STYLE = Automatic;
				CURRENT_PROJECT_VERSION = 1;
				DEVELOPMENT_TEAM = P8PTYAUXAW;
				GENERATE_INFOPLIST_FILE = YES;
				IPHONEOS_DEPLOYMENT_TARGET = 15.0;
				LD_RUNPATH_SEARCH_PATHS = (
					"$(inherited)",
					"@executable_path/Frameworks",
					"@loader_path/Frameworks",
				);
				MARKETING_VERSION = 1.0;
				PRODUCT_BUNDLE_IDENTIFIER = Overall.SecondChanceTests;
				PRODUCT_NAME = "$(TARGET_NAME)";
				SWIFT_EMIT_LOC_STRINGS = NO;
				SWIFT_VERSION = 5.0;
				TARGETED_DEVICE_FAMILY = "1,2";
				TEST_HOST = "$(BUILT_PRODUCTS_DIR)/SecondChance.app/SecondChance";
			};
			name = Debug;
		};
		5E6E1C3B2726B4E10054BC5F /* Release */ = {
			isa = XCBuildConfiguration;
			buildSettings = {
				ALWAYS_EMBED_SWIFT_STANDARD_LIBRARIES = YES;
				BUNDLE_LOADER = "$(TEST_HOST)";
				CODE_SIGN_STYLE = Automatic;
				CURRENT_PROJECT_VERSION = 1;
				DEVELOPMENT_TEAM = P8PTYAUXAW;
				GENERATE_INFOPLIST_FILE = YES;
				IPHONEOS_DEPLOYMENT_TARGET = 15.0;
				LD_RUNPATH_SEARCH_PATHS = (
					"$(inherited)",
					"@executable_path/Frameworks",
					"@loader_path/Frameworks",
				);
				MARKETING_VERSION = 1.0;
				PRODUCT_BUNDLE_IDENTIFIER = Overall.SecondChanceTests;
				PRODUCT_NAME = "$(TARGET_NAME)";
				SWIFT_EMIT_LOC_STRINGS = NO;
				SWIFT_VERSION = 5.0;
				TARGETED_DEVICE_FAMILY = "1,2";
				TEST_HOST = "$(BUILT_PRODUCTS_DIR)/SecondChance.app/SecondChance";
			};
			name = Release;
		};
		5E6E1C3D2726B4E10054BC5F /* Debug */ = {
			isa = XCBuildConfiguration;
			buildSettings = {
				ALWAYS_EMBED_SWIFT_STANDARD_LIBRARIES = YES;
				CODE_SIGN_STYLE = Automatic;
				CURRENT_PROJECT_VERSION = 1;
				DEVELOPMENT_TEAM = P8PTYAUXAW;
				GENERATE_INFOPLIST_FILE = YES;
				LD_RUNPATH_SEARCH_PATHS = (
					"$(inherited)",
					"@executable_path/Frameworks",
					"@loader_path/Frameworks",
				);
				MARKETING_VERSION = 1.0;
				PRODUCT_BUNDLE_IDENTIFIER = Overall.SecondChanceUITests;
				PRODUCT_NAME = "$(TARGET_NAME)";
				SWIFT_EMIT_LOC_STRINGS = NO;
				SWIFT_VERSION = 5.0;
				TARGETED_DEVICE_FAMILY = "1,2";
				TEST_TARGET_NAME = SecondChance;
			};
			name = Debug;
		};
		5E6E1C3E2726B4E10054BC5F /* Release */ = {
			isa = XCBuildConfiguration;
			buildSettings = {
				ALWAYS_EMBED_SWIFT_STANDARD_LIBRARIES = YES;
				CODE_SIGN_STYLE = Automatic;
				CURRENT_PROJECT_VERSION = 1;
				DEVELOPMENT_TEAM = P8PTYAUXAW;
				GENERATE_INFOPLIST_FILE = YES;
				LD_RUNPATH_SEARCH_PATHS = (
					"$(inherited)",
					"@executable_path/Frameworks",
					"@loader_path/Frameworks",
				);
				MARKETING_VERSION = 1.0;
				PRODUCT_BUNDLE_IDENTIFIER = Overall.SecondChanceUITests;
				PRODUCT_NAME = "$(TARGET_NAME)";
				SWIFT_EMIT_LOC_STRINGS = NO;
				SWIFT_VERSION = 5.0;
				TARGETED_DEVICE_FAMILY = "1,2";
				TEST_TARGET_NAME = SecondChance;
			};
			name = Release;
		};
/* End XCBuildConfiguration section */

/* Begin XCConfigurationList section */
		5E6E1C072726B4DF0054BC5F /* Build configuration list for PBXProject "SecondChance" */ = {
			isa = XCConfigurationList;
			buildConfigurations = (
				5E6E1C342726B4E10054BC5F /* Debug */,
				5E6E1C352726B4E10054BC5F /* Release */,
			);
			defaultConfigurationIsVisible = 0;
			defaultConfigurationName = Release;
		};
		5E6E1C362726B4E10054BC5F /* Build configuration list for PBXNativeTarget "SecondChance" */ = {
			isa = XCConfigurationList;
			buildConfigurations = (
				5E6E1C372726B4E10054BC5F /* Debug */,
				5E6E1C382726B4E10054BC5F /* Release */,
			);
			defaultConfigurationIsVisible = 0;
			defaultConfigurationName = Release;
		};
		5E6E1C392726B4E10054BC5F /* Build configuration list for PBXNativeTarget "SecondChanceTests" */ = {
			isa = XCConfigurationList;
			buildConfigurations = (
				5E6E1C3A2726B4E10054BC5F /* Debug */,
				5E6E1C3B2726B4E10054BC5F /* Release */,
			);
			defaultConfigurationIsVisible = 0;
			defaultConfigurationName = Release;
		};
		5E6E1C3C2726B4E10054BC5F /* Build configuration list for PBXNativeTarget "SecondChanceUITests" */ = {
			isa = XCConfigurationList;
			buildConfigurations = (
				5E6E1C3D2726B4E10054BC5F /* Debug */,
				5E6E1C3E2726B4E10054BC5F /* Release */,
			);
			defaultConfigurationIsVisible = 0;
			defaultConfigurationName = Release;
		};
/* End XCConfigurationList section */
	};
	rootObject = 5E6E1C042726B4DF0054BC5F /* Project object */;
}
